
Microsoft Visual Studio Solution File, Format Version 12.00
# Visual Studio 15
VisualStudioVersion = 15.0.28010.2041
MinimumVisualStudioVersion = 10.0.40219.1
Project("{FAE04EC0-301F-11D3-BF4B-00C04F79EFBC}") = "ScrapingAnalyser.UI", "ConsoleApp1\ScrapingAnalyser.UI.csproj", "{256D29ED-3346-4DDE-8887-95F038770828}"
EndProject
Project("{FAE04EC0-301F-11D3-BF4B-00C04F79EFBC}") = "ScrapingAnalyser", "ScrapingAnalyser\ScrapingAnalyser.csproj", "{F1699F0A-61A5-4BB2-8B6E-DF22E0941FCF}"
EndProject
Project("{FAE04EC0-301F-11D3-BF4B-00C04F79EFBC}") = "ScrapingAnalyser.Tests", "ScrapingAnalyser.Tests\ScrapingAnalyser.Tests.csproj", "{7309CA31-5FFC-45E2-8B63-75D45A285908}"
EndProject
Global
	GlobalSection(SolutionConfigurationPlatforms) = preSolution
		Debug|Any CPU = Debug|Any CPU
		Release|Any CPU = Release|Any CPU
	EndGlobalSection
	GlobalSection(ProjectConfigurationPlatforms) = postSolution
		{256D29ED-3346-4DDE-8887-95F038770828}.Debug|Any CPU.ActiveCfg = Debug|Any CPU
		{256D29ED-3346-4DDE-8887-95F038770828}.Debug|Any CPU.Build.0 = Debug|Any CPU
		{256D29ED-3346-4DDE-8887-95F038770828}.Release|Any CPU.ActiveCfg = Release|Any CPU
		{256D29ED-3346-4DDE-8887-95F038770828}.Release|Any CPU.Build.0 = Release|Any CPU
		{F1699F0A-61A5-4BB2-8B6E-DF22E0941FCF}.Debug|Any CPU.ActiveCfg = Debug|Any CPU
		{F1699F0A-61A5-4BB2-8B6E-DF22E0941FCF}.Debug|Any CPU.Build.0 = Debug|Any CPU
		{F1699F0A-61A5-4BB2-8B6E-DF22E0941FCF}.Release|Any CPU.ActiveCfg = Release|Any CPU
		{F1699F0A-61A5-4BB2-8B6E-DF22E0941FCF}.Release|Any CPU.Build.0 = Release|Any CPU
		{7309CA31-5FFC-45E2-8B63-75D45A285908}.Debug|Any CPU.ActiveCfg = Debug|Any CPU
		{7309CA31-5FFC-45E2-8B63-75D45A285908}.Debug|Any CPU.Build.0 = Debug|Any CPU
		{7309CA31-5FFC-45E2-8B63-75D45A285908}.Release|Any CPU.ActiveCfg = Release|Any CPU
		{7309CA31-5FFC-45E2-8B63-75D45A285908}.Release|Any CPU.Build.0 = Release|Any CPU
	EndGlobalSection
	GlobalSection(SolutionProperties) = preSolution
		HideSolutionNode = FALSE
	EndGlobalSection
	GlobalSection(ExtensibilityGlobals) = postSolution
		SolutionGuid = {BB695B09-FE9D-4515-B39A-0E80D1FE66A6}
	EndGlobalSection
EndGlobal
